
Microsoft Visual Studio Solution File, Format Version 12.00
# Visual Studio 14
VisualStudioVersion = 14.0.25123.0
MinimumVisualStudioVersion = 10.0.40219.1
Project("{FAE04EC0-301F-11D3-BF4B-00C04F79EFBC}") = "Supervision.CSharp", "Supervision.CSharp\Supervision.CSharp.csproj", "{F420C8B5-8FCD-42B0-ABC9-9385941F2A98}"
EndProject
Project("{F2A71F9B-5D33-465A-A702-920D77279786}") = "Supervision.FSharp", "Supervision.FSharp\Supervision.FSharp.fsproj", "{4880FEDC-560F-499F-A855-47749EA092F4}"
EndProject
Global
	GlobalSection(SolutionConfigurationPlatforms) = preSolution
		Debug|Any CPU = Debug|Any CPU
		Release|Any CPU = Release|Any CPU
	EndGlobalSection
	GlobalSection(ProjectConfigurationPlatforms) = postSolution
		{F420C8B5-8FCD-42B0-ABC9-9385941F2A98}.Debug|Any CPU.ActiveCfg = Debug|Any CPU
		{F420C8B5-8FCD-42B0-ABC9-9385941F2A98}.Debug|Any CPU.Build.0 = Debug|Any CPU
		{F420C8B5-8FCD-42B0-ABC9-9385941F2A98}.Release|Any CPU.ActiveCfg = Release|Any CPU
		{F420C8B5-8FCD-42B0-ABC9-9385941F2A98}.Release|Any CPU.Build.0 = Release|Any CPU
		{4880FEDC-560F-499F-A855-47749EA092F4}.Debug|Any CPU.ActiveCfg = Debug|Any CPU
		{4880FEDC-560F-499F-A855-47749EA092F4}.Debug|Any CPU.Build.0 = Debug|Any CPU
		{4880FEDC-560F-499F-A855-47749EA092F4}.Release|Any CPU.ActiveCfg = Release|Any CPU
		{4880FEDC-560F-499F-A855-47749EA092F4}.Release|Any CPU.Build.0 = Release|Any CPU
	EndGlobalSection
	GlobalSection(SolutionProperties) = preSolution
		HideSolutionNode = FALSE
	EndGlobalSection
EndGlobal
